
Microsoft Visual Studio Solution File, Format Version 12.00
# Visual Studio Version 17
VisualStudioVersion = 17.11.35222.181
MinimumVisualStudioVersion = 10.0.40219.1
Project("{9A19103F-16F7-4668-BE54-9A1E7A4F7556}") = "Vce", "Src\Vce.csproj", "{223BD527-A217-465C-ADB2-491454841CFD}"
EndProject
Project("{FAE04EC0-301F-11D3-BF4B-00C04F79EFBC}") = "Vce.Tests", "Vce.Tests\Vce.Tests.csproj", "{679E1635-2752-49F6-9740-A4C409A6C5C4}"
EndProject
Global
	GlobalSection(SolutionConfigurationPlatforms) = preSolution
		Debug|Any CPU = Debug|Any CPU
		Release|Any CPU = Release|Any CPU
	EndGlobalSection
	GlobalSection(ProjectConfigurationPlatforms) = postSolution
		{223BD527-A217-465C-ADB2-491454841CFD}.Debug|Any CPU.ActiveCfg = Debug|Any CPU
		{223BD527-A217-465C-ADB2-491454841CFD}.Debug|Any CPU.Build.0 = Debug|Any CPU
		{223BD527-A217-465C-ADB2-491454841CFD}.Release|Any CPU.ActiveCfg = Release|Any CPU
		{223BD527-A217-465C-ADB2-491454841CFD}.Release|Any CPU.Build.0 = Release|Any CPU
		{679E1635-2752-49F6-9740-A4C409A6C5C4}.Debug|Any CPU.ActiveCfg = Debug|Any CPU
		{679E1635-2752-49F6-9740-A4C409A6C5C4}.Debug|Any CPU.Build.0 = Debug|Any CPU
		{679E1635-2752-49F6-9740-A4C409A6C5C4}.Release|Any CPU.ActiveCfg = Release|Any CPU
		{679E1635-2752-49F6-9740-A4C409A6C5C4}.Release|Any CPU.Build.0 = Release|Any CPU
	EndGlobalSection
	GlobalSection(SolutionProperties) = preSolution
		HideSolutionNode = FALSE
	EndGlobalSection
	GlobalSection(ExtensibilityGlobals) = postSolution
		SolutionGuid = {D4C1B55F-F762-4E2C-97D3-0A781020E49F}
	EndGlobalSection
EndGlobal
